
Microsoft Visual Studio Solution File, Format Version 12.00
# Visual Studio 15
VisualStudioVersion = 15.0.28307.136
MinimumVisualStudioVersion = 10.0.40219.1
Project("{FAE04EC0-301F-11D3-BF4B-00C04F79EFBC}") = "Assignment_5", "Assignment_5\Assignment_5.csproj", "{EAB9FD4C-0585-48F3-B89B-36FBE2062E22}"
EndProject
Global
	GlobalSection(SolutionConfigurationPlatforms) = preSolution
		Debug|Any CPU = Debug|Any CPU
		Release|Any CPU = Release|Any CPU
	EndGlobalSection
	GlobalSection(ProjectConfigurationPlatforms) = postSolution
		{EAB9FD4C-0585-48F3-B89B-36FBE2062E22}.Debug|Any CPU.ActiveCfg = Debug|Any CPU
		{EAB9FD4C-0585-48F3-B89B-36FBE2062E22}.Debug|Any CPU.Build.0 = Debug|Any CPU
		{EAB9FD4C-0585-48F3-B89B-36FBE2062E22}.Release|Any CPU.ActiveCfg = Release|Any CPU
		{EAB9FD4C-0585-48F3-B89B-36FBE2062E22}.Release|Any CPU.Build.0 = Release|Any CPU
	EndGlobalSection
	GlobalSection(SolutionProperties) = preSolution
		HideSolutionNode = FALSE
	EndGlobalSection
	GlobalSection(ExtensibilityGlobals) = postSolution
		SolutionGuid = {D35B2FBC-4A8F-4E4C-8D06-C212DE657EC5}
	EndGlobalSection
EndGlobal
