// !$*UTF8*$!
{
	archiveVersion = 1;
	classes = {
	};
	objectVersion = 48;
	objects = {

/* Begin PBXBuildFile section */
		5E3ABE0922410EFA001A625D /* AppDelegate.m in Sources */ = {isa = PBXBuildFile; fileRef = 5E3ABE0822410EFA001A625D /* AppDelegate.m */; };
		5E3ABE0C22410EFA001A625D /* ViewController.m in Sources */ = {isa = PBXBuildFile; fileRef = 5E3ABE0B22410EFA001A625D /* ViewController.m */; };
		5E3ABE0F22410EFA001A625D /* Main.storyboard in Resources */ = {isa = PBXBuildFile; fileRef = 5E3ABE0D22410EFA001A625D /* Main.storyboard */; };
		5E3ABE1122410EFA001A625D /* Assets.xcassets in Resources */ = {isa = PBXBuildFile; fileRef = 5E3ABE1022410EFA001A625D /* Assets.xcassets */; };
		5E3ABE1422410EFA001A625D /* LaunchScreen.storyboard in Resources */ = {isa = PBXBuildFile; fileRef = 5E3ABE1222410EFA001A625D /* LaunchScreen.storyboard */; };
		5E3ABE1722410EFA001A625D /* main.m in Sources */ = {isa = PBXBuildFile; fileRef = 5E3ABE1622410EFA001A625D /* main.m */; };
		5E3ABE2122410EFA001A625D /* Assignment_4Tests.m in Sources */ = {isa = PBXBuildFile; fileRef = 5E3ABE2022410EFA001A625D /* Assignment_4Tests.m */; };
		5E3ABE2C22410EFA001A625D /* Assignment_4UITests.m in Sources */ = {isa = PBXBuildFile; fileRef = 5E3ABE2B22410EFA001A625D /* Assignment_4UITests.m */; };
/* End PBXBuildFile section */

/* Begin PBXContainerItemProxy section */
		5E3ABE1D22410EFA001A625D /* PBXContainerItemProxy */ = {
			isa = PBXContainerItemProxy;
			containerPortal = 5E3ABDFC22410EFA001A625D /* Project object */;
			proxyType = 1;
			remoteGlobalIDString = 5E3ABE0322410EFA001A625D;
			remoteInfo = Assignment_4;
		};
		5E3ABE2822410EFA001A625D /* PBXContainerItemProxy */ = {
			isa = PBXContainerItemProxy;
			containerPortal = 5E3ABDFC22410EFA001A625D /* Project object */;
			proxyType = 1;
			remoteGlobalIDString = 5E3ABE0322410EFA001A625D;
			remoteInfo = Assignment_4;
		};
/* End PBXContainerItemProxy section */

/* Begin PBXFileReference section */
		5E3ABE0422410EFA001A625D /* Assignment_4.app */ = {isa = PBXFileReference; explicitFileType = wrapper.application; includeInIndex = 0; path = Assignment_4.app; sourceTree = BUILT_PRODUCTS_DIR; };
		5E3ABE0722410EFA001A625D /* AppDelegate.h */ = {isa = PBXFileReference; lastKnownFileType = sourcecode.c.h; path = AppDelegate.h; sourceTree = "<group>"; };
		5E3ABE0822410EFA001A625D /* AppDelegate.m */ = {isa = PBXFileReference; lastKnownFileType = sourcecode.c.objc; path = AppDelegate.m; sourceTree = "<group>"; };
		5E3ABE0A22410EFA001A625D /* ViewController.h */ = {isa = PBXFileReference; lastKnownFileType = sourcecode.c.h; path = ViewController.h; sourceTree = "<group>"; };
		5E3ABE0B22410EFA001A625D /* ViewController.m */ = {isa = PBXFileReference; lastKnownFileType = sourcecode.c.objc; path = ViewController.m; sourceTree = "<group>"; };
		5E3ABE0E22410EFA001A625D /* Base */ = {isa = PBXFileReference; lastKnownFileType = file.storyboard; name = Base; path = Base.lproj/Main.storyboard; sourceTree = "<group>"; };
		5E3ABE1022410EFA001A625D /* Assets.xcassets */ = {isa = PBXFileReference; lastKnownFileType = folder.assetcatalog; path = Assets.xcassets; sourceTree = "<group>"; };
		5E3ABE1322410EFA001A625D /* Base */ = {isa = PBXFileReference; lastKnownFileType = file.storyboard; name = Base; path = Base.lproj/LaunchScreen.storyboard; sourceTree = "<group>"; };
		5E3ABE1522410EFA001A625D /* Info.plist */ = {isa = PBXFileReference; lastKnownFileType = text.plist.xml; path = Info.plist; sourceTree = "<group>"; };
		5E3ABE1622410EFA001A625D /* main.m */ = {isa = PBXFileReference; lastKnownFileType = sourcecode.c.objc; path = main.m; sourceTree = "<group>"; };
		5E3ABE1C22410EFA001A625D /* Assignment_4Tests.xctest */ = {isa = PBXFileReference; explicitFileType = wrapper.cfbundle; includeInIndex = 0; path = Assignment_4Tests.xctest; sourceTree = BUILT_PRODUCTS_DIR; };
		5E3ABE2022410EFA001A625D /* Assignment_4Tests.m */ = {isa = PBXFileReference; lastKnownFileType = sourcecode.c.objc; path = Assignment_4Tests.m; sourceTree = "<group>"; };
		5E3ABE2222410EFA001A625D /* Info.plist */ = {isa = PBXFileReference; lastKnownFileType = text.plist.xml; path = Info.plist; sourceTree = "<group>"; };
		5E3ABE2722410EFA001A625D /* Assignment_4UITests.xctest */ = {isa = PBXFileReference; explicitFileType = wrapper.cfbundle; includeInIndex = 0; path = Assignment_4UITests.xctest; sourceTree = BUILT_PRODUCTS_DIR; };
		5E3ABE2B22410EFA001A625D /* Assignment_4UITests.m */ = {isa = PBXFileReference; lastKnownFileType = sourcecode.c.objc; path = Assignment_4UITests.m; sourceTree = "<group>"; };
		5E3ABE2D22410EFA001A625D /* Info.plist */ = {isa = PBXFileReference; lastKnownFileType = text.plist.xml; path = Info.plist; sourceTree = "<group>"; };
/* End PBXFileReference section */

/* Begin PBXFrameworksBuildPhase section */
		5E3ABE0122410EFA001A625D /* Frameworks */ = {
			isa = PBXFrameworksBuildPhase;
			buildActionMask = 2147483647;
			files = (
			);
			runOnlyForDeploymentPostprocessing = 0;
		};
		5E3ABE1922410EFA001A625D /* Frameworks */ = {
			isa = PBXFrameworksBuildPhase;
			buildActionMask = 2147483647;
			files = (
			);
			runOnlyForDeploymentPostprocessing = 0;
		};
		5E3ABE2422410EFA001A625D /* Frameworks */ = {
			isa = PBXFrameworksBuildPhase;
			buildActionMask = 2147483647;
			files = (
			);
			runOnlyForDeploymentPostprocessing = 0;
		};
/* End PBXFrameworksBuildPhase section */

/* Begin PBXGroup section */
		5E3ABDFB22410EFA001A625D = {
			isa = PBXGroup;
			children = (
				5E3ABE0622410EFA001A625D /* Assignment_4 */,
				5E3ABE1F22410EFA001A625D /* Assignment_4Tests */,
				5E3ABE2A22410EFA001A625D /* Assignment_4UITests */,
				5E3ABE0522410EFA001A625D /* Products */,
			);
			sourceTree = "<group>";
		};
		5E3ABE0522410EFA001A625D /* Products */ = {
			isa = PBXGroup;
			children = (
				5E3ABE0422410EFA001A625D /* Assignment_4.app */,
				5E3ABE1C22410EFA001A625D /* Assignment_4Tests.xctest */,
				5E3ABE2722410EFA001A625D /* Assignment_4UITests.xctest */,
			);
			name = Products;
			sourceTree = "<group>";
		};
		5E3ABE0622410EFA001A625D /* Assignment_4 */ = {
			isa = PBXGroup;
			children = (
				5E3ABE0722410EFA001A625D /* AppDelegate.h */,
				5E3ABE0822410EFA001A625D /* AppDelegate.m */,
				5E3ABE0A22410EFA001A625D /* ViewController.h */,
				5E3ABE0B22410EFA001A625D /* ViewController.m */,
				5E3ABE0D22410EFA001A625D /* Main.storyboard */,
				5E3ABE1022410EFA001A625D /* Assets.xcassets */,
				5E3ABE1222410EFA001A625D /* LaunchScreen.storyboard */,
				5E3ABE1522410EFA001A625D /* Info.plist */,
				5E3ABE1622410EFA001A625D /* main.m */,
			);
			path = Assignment_4;
			sourceTree = "<group>";
		};
		5E3ABE1F22410EFA001A625D /* Assignment_4Tests */ = {
			isa = PBXGroup;
			children = (
				5E3ABE2022410EFA001A625D /* Assignment_4Tests.m */,
				5E3ABE2222410EFA001A625D /* Info.plist */,
			);
			path = Assignment_4Tests;
			sourceTree = "<group>";
		};
		5E3ABE2A22410EFA001A625D /* Assignment_4UITests */ = {
			isa = PBXGroup;
			children = (
				5E3ABE2B22410EFA001A625D /* Assignment_4UITests.m */,
				5E3ABE2D22410EFA001A625D /* Info.plist */,
			);
			path = Assignment_4UITests;
			sourceTree = "<group>";
		};
/* End PBXGroup section */

/* Begin PBXNativeTarget section */
		5E3ABE0322410EFA001A625D /* Assignment_4 */ = {
			isa = PBXNativeTarget;
			buildConfigurationList = 5E3ABE3022410EFA001A625D /* Build configuration list for PBXNativeTarget "Assignment_4" */;
			buildPhases = (
				5E3ABE0022410EFA001A625D /* Sources */,
				5E3ABE0122410EFA001A625D /* Frameworks */,
				5E3ABE0222410EFA001A625D /* Resources */,
			);
			buildRules = (
			);
			dependencies = (
			);
			name = Assignment_4;
			productName = Assignment_4;
			productReference = 5E3ABE0422410EFA001A625D /* Assignment_4.app */;
			productType = "com.apple.product-type.application";
		};
		5E3ABE1B22410EFA001A625D /* Assignment_4Tests */ = {
			isa = PBXNativeTarget;
			buildConfigurationList = 5E3ABE3322410EFA001A625D /* Build configuration list for PBXNativeTarget "Assignment_4Tests" */;
			buildPhases = (
				5E3ABE1822410EFA001A625D /* Sources */,
				5E3ABE1922410EFA001A625D /* Frameworks */,
				5E3ABE1A22410EFA001A625D /* Resources */,
			);
			buildRules = (
			);
			dependencies = (
				5E3ABE1E22410EFA001A625D /* PBXTargetDependency */,
			);
			name = Assignment_4Tests;
			productName = Assignment_4Tests;
			productReference = 5E3ABE1C22410EFA001A625D /* Assignment_4Tests.xctest */;
			productType = "com.apple.product-type.bundle.unit-test";
		};
		5E3ABE2622410EFA001A625D /* Assignment_4UITests */ = {
			isa = PBXNativeTarget;
			buildConfigurationList = 5E3ABE3622410EFA001A625D /* Build configuration list for PBXNativeTarget "Assignment_4UITests" */;
			buildPhases = (
				5E3ABE2322410EFA001A625D /* Sources */,
				5E3ABE2422410EFA001A625D /* Frameworks */,
				5E3ABE2522410EFA001A625D /* Resources */,
			);
			buildRules = (
			);
			dependencies = (
				5E3ABE2922410EFA001A625D /* PBXTargetDependency */,
			);
			name = Assignment_4UITests;
			productName = Assignment_4UITests;
			productReference = 5E3ABE2722410EFA001A625D /* Assignment_4UITests.xctest */;
			productType = "com.apple.product-type.bundle.ui-testing";
		};
/* End PBXNativeTarget section */

/* Begin PBXProject section */
		5E3ABDFC22410EFA001A625D /* Project object */ = {
			isa = PBXProject;
			attributes = {
				LastUpgradeCheck = 0920;
				ORGANIZATIONNAME = "Asha ";
				TargetAttributes = {
					5E3ABE0322410EFA001A625D = {
						CreatedOnToolsVersion = 9.2;
						ProvisioningStyle = Automatic;
					};
					5E3ABE1B22410EFA001A625D = {
						CreatedOnToolsVersion = 9.2;
						ProvisioningStyle = Automatic;
						TestTargetID = 5E3ABE0322410EFA001A625D;
					};
					5E3ABE2622410EFA001A625D = {
						CreatedOnToolsVersion = 9.2;
						ProvisioningStyle = Automatic;
						TestTargetID = 5E3ABE0322410EFA001A625D;
					};
				};
			};
			buildConfigurationList = 5E3ABDFF22410EFA001A625D /* Build configuration list for PBXProject "Assignment_4" */;
			compatibilityVersion = "Xcode 8.0";
			developmentRegion = en;
			hasScannedForEncodings = 0;
			knownRegions = (
				en,
				Base,
			);
			mainGroup = 5E3ABDFB22410EFA001A625D;
			productRefGroup = 5E3ABE0522410EFA001A625D /* Products */;
			projectDirPath = "";
			projectRoot = "";
			targets = (
				5E3ABE0322410EFA001A625D /* Assignment_4 */,
				5E3ABE1B22410EFA001A625D /* Assignment_4Tests */,
				5E3ABE2622410EFA001A625D /* Assignment_4UITests */,
			);
		};
/* End PBXProject section */

/* Begin PBXResourcesBuildPhase section */
		5E3ABE0222410EFA001A625D /* Resources */ = {
			isa = PBXResourcesBuildPhase;
			buildActionMask = 2147483647;
			files = (
				5E3ABE1422410EFA001A625D /* LaunchScreen.storyboard in Resources */,
				5E3ABE1122410EFA001A625D /* Assets.xcassets in Resources */,
				5E3ABE0F22410EFA001A625D /* Main.storyboard in Resources */,
			);
			runOnlyForDeploymentPostprocessing = 0;
		};
		5E3ABE1A22410EFA001A625D /* Resources */ = {
			isa = PBXResourcesBuildPhase;
			buildActionMask = 2147483647;
			files = (
			);
			runOnlyForDeploymentPostprocessing = 0;
		};
		5E3ABE2522410EFA001A625D /* Resources */ = {
			isa = PBXResourcesBuildPhase;
			buildActionMask = 2147483647;
			files = (
			);
			runOnlyForDeploymentPostprocessing = 0;
		};
/* End PBXResourcesBuildPhase section */

/* Begin PBXSourcesBuildPhase section */
		5E3ABE0022410EFA001A625D /* Sources */ = {
			isa = PBXSourcesBuildPhase;
			buildActionMask = 2147483647;
			files = (
				5E3ABE0C22410EFA001A625D /* ViewController.m in Sources */,
				5E3ABE1722410EFA001A625D /* main.m in Sources */,
				5E3ABE0922410EFA001A625D /* AppDelegate.m in Sources */,
			);
			runOnlyForDeploymentPostprocessing = 0;
		};
		5E3ABE1822410EFA001A625D /* Sources */ = {
			isa = PBXSourcesBuildPhase;
			buildActionMask = 2147483647;
			files = (
				5E3ABE2122410EFA001A625D /* Assignment_4Tests.m in Sources */,
			);
			runOnlyForDeploymentPostprocessing = 0;
		};
		5E3ABE2322410EFA001A625D /* Sources */ = {
			isa = PBXSourcesBuildPhase;
			buildActionMask = 2147483647;
			files = (
				5E3ABE2C22410EFA001A625D /* Assignment_4UITests.m in Sources */,
			);
			runOnlyForDeploymentPostprocessing = 0;
		};
/* End PBXSourcesBuildPhase section */

/* Begin PBXTargetDependency section */
		5E3ABE1E22410EFA001A625D /* PBXTargetDependency */ = {
			isa = PBXTargetDependency;
			target = 5E3ABE0322410EFA001A625D /* Assignment_4 */;
			targetProxy = 5E3ABE1D22410EFA001A625D /* PBXContainerItemProxy */;
		};
		5E3ABE2922410EFA001A625D /* PBXTargetDependency */ = {
			isa = PBXTargetDependency;
			target = 5E3ABE0322410EFA001A625D /* Assignment_4 */;
			targetProxy = 5E3ABE2822410EFA001A625D /* PBXContainerItemProxy */;
		};
/* End PBXTargetDependency section */

/* Begin PBXVariantGroup section */
		5E3ABE0D22410EFA001A625D /* Main.storyboard */ = {
			isa = PBXVariantGroup;
			children = (
				5E3ABE0E22410EFA001A625D /* Base */,
			);
			name = Main.storyboard;
			sourceTree = "<group>";
		};
		5E3ABE1222410EFA001A625D /* LaunchScreen.storyboard */ = {
			isa = PBXVariantGroup;
			children = (
				5E3ABE1322410EFA001A625D /* Base */,
			);
			name = LaunchScreen.storyboard;
			sourceTree = "<group>";
		};
/* End PBXVariantGroup section */

/* Begin XCBuildConfiguration section */
		5E3ABE2E22410EFA001A625D /* Debug */ = {
			isa = XCBuildConfiguration;
			buildSettings = {
				ALWAYS_SEARCH_USER_PATHS = NO;
				CLANG_ANALYZER_NONNULL = YES;
				CLANG_ANALYZER_NUMBER_OBJECT_CONVERSION = YES_AGGRESSIVE;
				CLANG_CXX_LANGUAGE_STANDARD = "gnu++14";
				CLANG_CXX_LIBRARY = "libc++";
				CLANG_ENABLE_MODULES = YES;
				CLANG_ENABLE_OBJC_ARC = YES;
				CLANG_WARN_BLOCK_CAPTURE_AUTORELEASING = YES;
				CLANG_WARN_BOOL_CONVERSION = YES;
				CLANG_WARN_COMMA = YES;
				CLANG_WARN_CONSTANT_CONVERSION = YES;
				CLANG_WARN_DIRECT_OBJC_ISA_USAGE = YES_ERROR;
				CLANG_WARN_DOCUMENTATION_COMMENTS = YES;
				CLANG_WARN_EMPTY_BODY = YES;
				CLANG_WARN_ENUM_CONVERSION = YES;
				CLANG_WARN_INFINITE_RECURSION = YES;
				CLANG_WARN_INT_CONVERSION = YES;
				CLANG_WARN_NON_LITERAL_NULL_CONVERSION = YES;
				CLANG_WARN_OBJC_LITERAL_CONVERSION = YES;
				CLANG_WARN_OBJC_ROOT_CLASS = YES_ERROR;
				CLANG_WARN_RANGE_LOOP_ANALYSIS = YES;
				CLANG_WARN_STRICT_PROTOTYPES = YES;
				CLANG_WARN_SUSPICIOUS_MOVE = YES;
				CLANG_WARN_UNGUARDED_AVAILABILITY = YES_AGGRESSIVE;
				CLANG_WARN_UNREACHABLE_CODE = YES;
				CLANG_WARN__DUPLICATE_METHOD_MATCH = YES;
				CODE_SIGN_IDENTITY = "iPhone Developer";
				COPY_PHASE_STRIP = NO;
				DEBUG_INFORMATION_FORMAT = dwarf;
				ENABLE_STRICT_OBJC_MSGSEND = YES;
				ENABLE_TESTABILITY = YES;
				GCC_C_LANGUAGE_STANDARD = gnu11;
				GCC_DYNAMIC_NO_PIC = NO;
				GCC_NO_COMMON_BLOCKS = YES;
				GCC_OPTIMIZATION_LEVEL = 0;
				GCC_PREPROCESSOR_DEFINITIONS = (
					"DEBUG=1",
					"$(inherited)",
				);
				GCC_WARN_64_TO_32_BIT_CONVERSION = YES;
				GCC_WARN_ABOUT_RETURN_TYPE = YES_ERROR;
				GCC_WARN_UNDECLARED_SELECTOR = YES;
				GCC_WARN_UNINITIALIZED_AUTOS = YES_AGGRESSIVE;
				GCC_WARN_UNUSED_FUNCTION = YES;
				GCC_WARN_UNUSED_VARIABLE = YES;
				IPHONEOS_DEPLOYMENT_TARGET = 11.2;
				MTL_ENABLE_DEBUG_INFO = YES;
				ONLY_ACTIVE_ARCH = YES;
				SDKROOT = iphoneos;
			};
			name = Debug;
		};
		5E3ABE2F22410EFA001A625D /* Release */ = {
			isa = XCBuildConfiguration;
			buildSettings = {
				ALWAYS_SEARCH_USER_PATHS = NO;
				CLANG_ANALYZER_NONNULL = YES;
				CLANG_ANALYZER_NUMBER_OBJECT_CONVERSION = YES_AGGRESSIVE;
				CLANG_CXX_LANGUAGE_STANDARD = "gnu++14";
				CLANG_CXX_LIBRARY = "libc++";
				CLANG_ENABLE_MODULES = YES;
				CLANG_ENABLE_OBJC_ARC = YES;
				CLANG_WARN_BLOCK_CAPTURE_AUTORELEASING = YES;
				CLANG_WARN_BOOL_CONVERSION = YES;
				CLANG_WARN_COMMA = YES;
				CLANG_WARN_CONSTANT_CONVERSION = YES;
				CLANG_WARN_DIRECT_OBJC_ISA_USAGE = YES_ERROR;
				CLANG_WARN_DOCUMENTATION_COMMENTS = YES;
				CLANG_WARN_EMPTY_BODY = YES;
				CLANG_WARN_ENUM_CONVERSION = YES;
				CLANG_WARN_INFINITE_RECURSION = YES;
				CLANG_WARN_INT_CONVERSION = YES;
				CLANG_WARN_NON_LITERAL_NULL_CONVERSION = YES;
				CLANG_WARN_OBJC_LITERAL_CONVERSION = YES;
				CLANG_WARN_OBJC_ROOT_CLASS = YES_ERROR;
				CLANG_WARN_RANGE_LOOP_ANALYSIS = YES;
				CLANG_WARN_STRICT_PROTOTYPES = YES;
				CLANG_WARN_SUSPICIOUS_MOVE = YES;
				CLANG_WARN_UNGUARDED_AVAILABILITY = YES_AGGRESSIVE;
				CLANG_WARN_UNREACHABLE_CODE = YES;
				CLANG_WARN__DUPLICATE_METHOD_MATCH = YES;
				CODE_SIGN_IDENTITY = "iPhone Developer";
				COPY_PHASE_STRIP = NO;
				DEBUG_INFORMATION_FORMAT = "dwarf-with-dsym";
				ENABLE_NS_ASSERTIONS = NO;
				ENABLE_STRICT_OBJC_MSGSEND = YES;
				GCC_C_LANGUAGE_STANDARD = gnu11;
				GCC_NO_COMMON_BLOCKS = YES;
				GCC_WARN_64_TO_32_BIT_CONVERSION = YES;
				GCC_WARN_ABOUT_RETURN_TYPE = YES_ERROR;
				GCC_WARN_UNDECLARED_SELECTOR = YES;
				GCC_WARN_UNINITIALIZED_AUTOS = YES_AGGRESSIVE;
				GCC_WARN_UNUSED_FUNCTION = YES;
				GCC_WARN_UNUSED_VARIABLE = YES;
				IPHONEOS_DEPLOYMENT_TARGET = 11.2;
				MTL_ENABLE_DEBUG_INFO = NO;
				SDKROOT = iphoneos;
				VALIDATE_PRODUCT = YES;
			};
			name = Release;
		};
		5E3ABE3122410EFA001A625D /* Debug */ = {
			isa = XCBuildConfiguration;
			buildSettings = {
				ASSETCATALOG_COMPILER_APPICON_NAME = AppIcon;
				CODE_SIGN_STYLE = Automatic;
				INFOPLIST_FILE = Assignment_4/Info.plist;
				LD_RUNPATH_SEARCH_PATHS = "$(inherited) @executable_path/Frameworks";
				PRODUCT_BUNDLE_IDENTIFIER = "com.yourcompany.Assignment-4";
				PRODUCT_NAME = "$(TARGET_NAME)";
				TARGETED_DEVICE_FAMILY = "1,2";
			};
			name = Debug;
		};
		5E3ABE3222410EFA001A625D /* Release */ = {
			isa = XCBuildConfiguration;
			buildSettings = {
				ASSETCATALOG_COMPILER_APPICON_NAME = AppIcon;
				CODE_SIGN_STYLE = Automatic;
				INFOPLIST_FILE = Assignment_4/Info.plist;
				LD_RUNPATH_SEARCH_PATHS = "$(inherited) @executable_path/Frameworks";
				PRODUCT_BUNDLE_IDENTIFIER = "com.yourcompany.Assignment-4";
				PRODUCT_NAME = "$(TARGET_NAME)";
				TARGETED_DEVICE_FAMILY = "1,2";
			};
			name = Release;
		};
		5E3ABE3422410EFA001A625D /* Debug */ = {
			isa = XCBuildConfiguration;
			buildSettings = {
				BUNDLE_LOADER = "$(TEST_HOST)";
				CODE_SIGN_STYLE = Automatic;
				INFOPLIST_FILE = Assignment_4Tests/Info.plist;
				LD_RUNPATH_SEARCH_PATHS = "$(inherited) @executable_path/Frameworks @loader_path/Frameworks";
				PRODUCT_BUNDLE_IDENTIFIER = "com.yourcompany.Assignment-4Tests";
				PRODUCT_NAME = "$(TARGET_NAME)";
				TARGETED_DEVICE_FAMILY = "1,2";
				TEST_HOST = "$(BUILT_PRODUCTS_DIR)/Assignment_4.app/Assignment_4";
			};
			name = Debug;
		};
		5E3ABE3522410EFA001A625D /* Release */ = {
			isa = XCBuildConfiguration;
			buildSettings = {
				BUNDLE_LOADER = "$(TEST_HOST)";
				CODE_SIGN_STYLE = Automatic;
				INFOPLIST_FILE = Assignment_4Tests/Info.plist;
				LD_RUNPATH_SEARCH_PATHS = "$(inherited) @executable_path/Frameworks @loader_path/Frameworks";
				PRODUCT_BUNDLE_IDENTIFIER = "com.yourcompany.Assignment-4Tests";
				PRODUCT_NAME = "$(TARGET_NAME)";
				TARGETED_DEVICE_FAMILY = "1,2";
				TEST_HOST = "$(BUILT_PRODUCTS_DIR)/Assignment_4.app/Assignment_4";
			};
			name = Release;
		};
		5E3ABE3722410EFA001A625D /* Debug */ = {
			isa = XCBuildConfiguration;
			buildSettings = {
				CODE_SIGN_STYLE = Automatic;
				INFOPLIST_FILE = Assignment_4UITests/Info.plist;
				LD_RUNPATH_SEARCH_PATHS = "$(inherited) @executable_path/Frameworks @loader_path/Frameworks";
				PRODUCT_BUNDLE_IDENTIFIER = "com.yourcompany.Assignment-4UITests";
				PRODUCT_NAME = "$(TARGET_NAME)";
				TARGETED_DEVICE_FAMILY = "1,2";
				TEST_TARGET_NAME = Assignment_4;
			};
			name = Debug;
		};
		5E3ABE3822410EFA001A625D /* Release */ = {
			isa = XCBuildConfiguration;
			buildSettings = {
				CODE_SIGN_STYLE = Automatic;
				INFOPLIST_FILE = Assignment_4UITests/Info.plist;
				LD_RUNPATH_SEARCH_PATHS = "$(inherited) @executable_path/Frameworks @loader_path/Frameworks";
				PRODUCT_BUNDLE_IDENTIFIER = "com.yourcompany.Assignment-4UITests";
				PRODUCT_NAME = "$(TARGET_NAME)";
				TARGETED_DEVICE_FAMILY = "1,2";
				TEST_TARGET_NAME = Assignment_4;
			};
			name = Release;
		};
/* End XCBuildConfiguration section */

/* Begin XCConfigurationList section */
		5E3ABDFF22410EFA001A625D /* Build configuration list for PBXProject "Assignment_4" */ = {
			isa = XCConfigurationList;
			buildConfigurations = (
				5E3ABE2E22410EFA001A625D /* Debug */,
				5E3ABE2F22410EFA001A625D /* Release */,
			);
			defaultConfigurationIsVisible = 0;
			defaultConfigurationName = Release;
		};
		5E3ABE3022410EFA001A625D /* Build configuration list for PBXNativeTarget "Assignment_4" */ = {
			isa = XCConfigurationList;
			buildConfigurations = (
				5E3ABE3122410EFA001A625D /* Debug */,
				5E3ABE3222410EFA001A625D /* Release */,
			);
			defaultConfigurationIsVisible = 0;
			defaultConfigurationName = Release;
		};
		5E3ABE3322410EFA001A625D /* Build configuration list for PBXNativeTarget "Assignment_4Tests" */ = {
			isa = XCConfigurationList;
			buildConfigurations = (
				5E3ABE3422410EFA001A625D /* Debug */,
				5E3ABE3522410EFA001A625D /* Release */,
			);
			defaultConfigurationIsVisible = 0;
			defaultConfigurationName = Release;
		};
		5E3ABE3622410EFA001A625D /* Build configuration list for PBXNativeTarget "Assignment_4UITests" */ = {
			isa = XCConfigurationList;
			buildConfigurations = (
				5E3ABE3722410EFA001A625D /* Debug */,
				5E3ABE3822410EFA001A625D /* Release */,
			);
			defaultConfigurationIsVisible = 0;
			defaultConfigurationName = Release;
		};
/* End XCConfigurationList section */
	};
	rootObject = 5E3ABDFC22410EFA001A625D /* Project object */;
}
