// !$*UTF8*$!
{
	archiveVersion = 1;
	classes = {
	};
	objectVersion = 48;
	objects = {

/* Begin PBXBuildFile section */
		5ECE94D42248DDC80061DEC3 /* AppDelegate.m in Sources */ = {isa = PBXBuildFile; fileRef = 5ECE94D32248DDC80061DEC3 /* AppDelegate.m */; };
		5ECE94D72248DDC90061DEC3 /* ViewController.m in Sources */ = {isa = PBXBuildFile; fileRef = 5ECE94D62248DDC90061DEC3 /* ViewController.m */; };
		5ECE94DA2248DDC90061DEC3 /* Main.storyboard in Resources */ = {isa = PBXBuildFile; fileRef = 5ECE94D82248DDC90061DEC3 /* Main.storyboard */; };
		5ECE94DC2248DDC90061DEC3 /* Assets.xcassets in Resources */ = {isa = PBXBuildFile; fileRef = 5ECE94DB2248DDC90061DEC3 /* Assets.xcassets */; };
		5ECE94DF2248DDC90061DEC3 /* LaunchScreen.storyboard in Resources */ = {isa = PBXBuildFile; fileRef = 5ECE94DD2248DDC90061DEC3 /* LaunchScreen.storyboard */; };
		5ECE94E22248DDC90061DEC3 /* main.m in Sources */ = {isa = PBXBuildFile; fileRef = 5ECE94E12248DDC90061DEC3 /* main.m */; };
		5ECE94EE2248F2CB0061DEC3 /* countrylist.json in Resources */ = {isa = PBXBuildFile; fileRef = 5ECE94ED2248F2CB0061DEC3 /* countrylist.json */; };
/* End PBXBuildFile section */

/* Begin PBXFileReference section */
		5ECE94CF2248DDC80061DEC3 /* Assignment_5.app */ = {isa = PBXFileReference; explicitFileType = wrapper.application; includeInIndex = 0; path = Assignment_5.app; sourceTree = BUILT_PRODUCTS_DIR; };
		5ECE94D22248DDC80061DEC3 /* AppDelegate.h */ = {isa = PBXFileReference; lastKnownFileType = sourcecode.c.h; path = AppDelegate.h; sourceTree = "<group>"; };
		5ECE94D32248DDC80061DEC3 /* AppDelegate.m */ = {isa = PBXFileReference; lastKnownFileType = sourcecode.c.objc; path = AppDelegate.m; sourceTree = "<group>"; };
		5ECE94D52248DDC80061DEC3 /* ViewController.h */ = {isa = PBXFileReference; lastKnownFileType = sourcecode.c.h; path = ViewController.h; sourceTree = "<group>"; };
		5ECE94D62248DDC90061DEC3 /* ViewController.m */ = {isa = PBXFileReference; lastKnownFileType = sourcecode.c.objc; path = ViewController.m; sourceTree = "<group>"; };
		5ECE94D92248DDC90061DEC3 /* Base */ = {isa = PBXFileReference; lastKnownFileType = file.storyboard; name = Base; path = Base.lproj/Main.storyboard; sourceTree = "<group>"; };
		5ECE94DB2248DDC90061DEC3 /* Assets.xcassets */ = {isa = PBXFileReference; lastKnownFileType = folder.assetcatalog; path = Assets.xcassets; sourceTree = "<group>"; };
		5ECE94DE2248DDC90061DEC3 /* Base */ = {isa = PBXFileReference; lastKnownFileType = file.storyboard; name = Base; path = Base.lproj/LaunchScreen.storyboard; sourceTree = "<group>"; };
		5ECE94E02248DDC90061DEC3 /* Info.plist */ = {isa = PBXFileReference; lastKnownFileType = text.plist.xml; path = Info.plist; sourceTree = "<group>"; };
		5ECE94E12248DDC90061DEC3 /* main.m */ = {isa = PBXFileReference; lastKnownFileType = sourcecode.c.objc; path = main.m; sourceTree = "<group>"; };
		5ECE94ED2248F2CB0061DEC3 /* countrylist.json */ = {isa = PBXFileReference; fileEncoding = 4; lastKnownFileType = text.json; name = countrylist.json; path = ../../../../countrylist.json; sourceTree = "<group>"; };
/* End PBXFileReference section */

/* Begin PBXFrameworksBuildPhase section */
		5ECE94CC2248DDC80061DEC3 /* Frameworks */ = {
			isa = PBXFrameworksBuildPhase;
			buildActionMask = 2147483647;
			files = (
			);
			runOnlyForDeploymentPostprocessing = 0;
		};
/* End PBXFrameworksBuildPhase section */

/* Begin PBXGroup section */
		5ECE94C62248DDC80061DEC3 = {
			isa = PBXGroup;
			children = (
				5ECE94D12248DDC80061DEC3 /* Assignment_5 */,
				5ECE94D02248DDC80061DEC3 /* Products */,
			);
			sourceTree = "<group>";
		};
		5ECE94D02248DDC80061DEC3 /* Products */ = {
			isa = PBXGroup;
			children = (
				5ECE94CF2248DDC80061DEC3 /* Assignment_5.app */,
			);
			name = Products;
			sourceTree = "<group>";
		};
		5ECE94D12248DDC80061DEC3 /* Assignment_5 */ = {
			isa = PBXGroup;
			children = (
				5ECE94ED2248F2CB0061DEC3 /* countrylist.json */,
				5ECE94D22248DDC80061DEC3 /* AppDelegate.h */,
				5ECE94D32248DDC80061DEC3 /* AppDelegate.m */,
				5ECE94D52248DDC80061DEC3 /* ViewController.h */,
				5ECE94D62248DDC90061DEC3 /* ViewController.m */,
				5ECE94D82248DDC90061DEC3 /* Main.storyboard */,
				5ECE94DB2248DDC90061DEC3 /* Assets.xcassets */,
				5ECE94DD2248DDC90061DEC3 /* LaunchScreen.storyboard */,
				5ECE94E02248DDC90061DEC3 /* Info.plist */,
				5ECE94E12248DDC90061DEC3 /* main.m */,
			);
			path = Assignment_5;
			sourceTree = "<group>";
		};
/* End PBXGroup section */

/* Begin PBXNativeTarget section */
		5ECE94CE2248DDC80061DEC3 /* Assignment_5 */ = {
			isa = PBXNativeTarget;
			buildConfigurationList = 5ECE94E52248DDC90061DEC3 /* Build configuration list for PBXNativeTarget "Assignment_5" */;
			buildPhases = (
				5ECE94CB2248DDC80061DEC3 /* Sources */,
				5ECE94CC2248DDC80061DEC3 /* Frameworks */,
				5ECE94CD2248DDC80061DEC3 /* Resources */,
			);
			buildRules = (
			);
			dependencies = (
			);
			name = Assignment_5;
			productName = Assignment_5;
			productReference = 5ECE94CF2248DDC80061DEC3 /* Assignment_5.app */;
			productType = "com.apple.product-type.application";
		};
/* End PBXNativeTarget section */

/* Begin PBXProject section */
		5ECE94C72248DDC80061DEC3 /* Project object */ = {
			isa = PBXProject;
			attributes = {
				LastUpgradeCheck = 0920;
				ORGANIZATIONNAME = "Asha ";
				TargetAttributes = {
					5ECE94CE2248DDC80061DEC3 = {
						CreatedOnToolsVersion = 9.2;
						ProvisioningStyle = Automatic;
					};
				};
			};
			buildConfigurationList = 5ECE94CA2248DDC80061DEC3 /* Build configuration list for PBXProject "Assignment_5" */;
			compatibilityVersion = "Xcode 8.0";
			developmentRegion = en;
			hasScannedForEncodings = 0;
			knownRegions = (
				en,
				Base,
			);
			mainGroup = 5ECE94C62248DDC80061DEC3;
			productRefGroup = 5ECE94D02248DDC80061DEC3 /* Products */;
			projectDirPath = "";
			projectRoot = "";
			targets = (
				5ECE94CE2248DDC80061DEC3 /* Assignment_5 */,
			);
		};
/* End PBXProject section */

/* Begin PBXResourcesBuildPhase section */
		5ECE94CD2248DDC80061DEC3 /* Resources */ = {
			isa = PBXResourcesBuildPhase;
			buildActionMask = 2147483647;
			files = (
				5ECE94EE2248F2CB0061DEC3 /* countrylist.json in Resources */,
				5ECE94DF2248DDC90061DEC3 /* LaunchScreen.storyboard in Resources */,
				5ECE94DC2248DDC90061DEC3 /* Assets.xcassets in Resources */,
				5ECE94DA2248DDC90061DEC3 /* Main.storyboard in Resources */,
			);
			runOnlyForDeploymentPostprocessing = 0;
		};
/* End PBXResourcesBuildPhase section */

/* Begin PBXSourcesBuildPhase section */
		5ECE94CB2248DDC80061DEC3 /* Sources */ = {
			isa = PBXSourcesBuildPhase;
			buildActionMask = 2147483647;
			files = (
				5ECE94D72248DDC90061DEC3 /* ViewController.m in Sources */,
				5ECE94E22248DDC90061DEC3 /* main.m in Sources */,
				5ECE94D42248DDC80061DEC3 /* AppDelegate.m in Sources */,
			);
			runOnlyForDeploymentPostprocessing = 0;
		};
/* End PBXSourcesBuildPhase section */

/* Begin PBXVariantGroup section */
		5ECE94D82248DDC90061DEC3 /* Main.storyboard */ = {
			isa = PBXVariantGroup;
			children = (
				5ECE94D92248DDC90061DEC3 /* Base */,
			);
			name = Main.storyboard;
			sourceTree = "<group>";
		};
		5ECE94DD2248DDC90061DEC3 /* LaunchScreen.storyboard */ = {
			isa = PBXVariantGroup;
			children = (
				5ECE94DE2248DDC90061DEC3 /* Base */,
			);
			name = LaunchScreen.storyboard;
			sourceTree = "<group>";
		};
/* End PBXVariantGroup section */

/* Begin XCBuildConfiguration section */
		5ECE94E32248DDC90061DEC3 /* Debug */ = {
			isa = XCBuildConfiguration;
			buildSettings = {
				ALWAYS_SEARCH_USER_PATHS = NO;
				CLANG_ANALYZER_NONNULL = YES;
				CLANG_ANALYZER_NUMBER_OBJECT_CONVERSION = YES_AGGRESSIVE;
				CLANG_CXX_LANGUAGE_STANDARD = "gnu++14";
				CLANG_CXX_LIBRARY = "libc++";
				CLANG_ENABLE_MODULES = YES;
				CLANG_ENABLE_OBJC_ARC = YES;
				CLANG_WARN_BLOCK_CAPTURE_AUTORELEASING = YES;
				CLANG_WARN_BOOL_CONVERSION = YES;
				CLANG_WARN_COMMA = YES;
				CLANG_WARN_CONSTANT_CONVERSION = YES;
				CLANG_WARN_DIRECT_OBJC_ISA_USAGE = YES_ERROR;
				CLANG_WARN_DOCUMENTATION_COMMENTS = YES;
				CLANG_WARN_EMPTY_BODY = YES;
				CLANG_WARN_ENUM_CONVERSION = YES;
				CLANG_WARN_INFINITE_RECURSION = YES;
				CLANG_WARN_INT_CONVERSION = YES;
				CLANG_WARN_NON_LITERAL_NULL_CONVERSION = YES;
				CLANG_WARN_OBJC_LITERAL_CONVERSION = YES;
				CLANG_WARN_OBJC_ROOT_CLASS = YES_ERROR;
				CLANG_WARN_RANGE_LOOP_ANALYSIS = YES;
				CLANG_WARN_STRICT_PROTOTYPES = YES;
				CLANG_WARN_SUSPICIOUS_MOVE = YES;
				CLANG_WARN_UNGUARDED_AVAILABILITY = YES_AGGRESSIVE;
				CLANG_WARN_UNREACHABLE_CODE = YES;
				CLANG_WARN__DUPLICATE_METHOD_MATCH = YES;
				CODE_SIGN_IDENTITY = "iPhone Developer";
				COPY_PHASE_STRIP = NO;
				DEBUG_INFORMATION_FORMAT = dwarf;
				ENABLE_STRICT_OBJC_MSGSEND = YES;
				ENABLE_TESTABILITY = YES;
				GCC_C_LANGUAGE_STANDARD = gnu11;
				GCC_DYNAMIC_NO_PIC = NO;
				GCC_NO_COMMON_BLOCKS = YES;
				GCC_OPTIMIZATION_LEVEL = 0;
				GCC_PREPROCESSOR_DEFINITIONS = (
					"DEBUG=1",
					"$(inherited)",
				);
				GCC_WARN_64_TO_32_BIT_CONVERSION = YES;
				GCC_WARN_ABOUT_RETURN_TYPE = YES_ERROR;
				GCC_WARN_UNDECLARED_SELECTOR = YES;
				GCC_WARN_UNINITIALIZED_AUTOS = YES_AGGRESSIVE;
				GCC_WARN_UNUSED_FUNCTION = YES;
				GCC_WARN_UNUSED_VARIABLE = YES;
				IPHONEOS_DEPLOYMENT_TARGET = 11.2;
				MTL_ENABLE_DEBUG_INFO = YES;
				ONLY_ACTIVE_ARCH = YES;
				SDKROOT = iphoneos;
			};
			name = Debug;
		};
		5ECE94E42248DDC90061DEC3 /* Release */ = {
			isa = XCBuildConfiguration;
			buildSettings = {
				ALWAYS_SEARCH_USER_PATHS = NO;
				CLANG_ANALYZER_NONNULL = YES;
				CLANG_ANALYZER_NUMBER_OBJECT_CONVERSION = YES_AGGRESSIVE;
				CLANG_CXX_LANGUAGE_STANDARD = "gnu++14";
				CLANG_CXX_LIBRARY = "libc++";
				CLANG_ENABLE_MODULES = YES;
				CLANG_ENABLE_OBJC_ARC = YES;
				CLANG_WARN_BLOCK_CAPTURE_AUTORELEASING = YES;
				CLANG_WARN_BOOL_CONVERSION = YES;
				CLANG_WARN_COMMA = YES;
				CLANG_WARN_CONSTANT_CONVERSION = YES;
				CLANG_WARN_DIRECT_OBJC_ISA_USAGE = YES_ERROR;
				CLANG_WARN_DOCUMENTATION_COMMENTS = YES;
				CLANG_WARN_EMPTY_BODY = YES;
				CLANG_WARN_ENUM_CONVERSION = YES;
				CLANG_WARN_INFINITE_RECURSION = YES;
				CLANG_WARN_INT_CONVERSION = YES;
				CLANG_WARN_NON_LITERAL_NULL_CONVERSION = YES;
				CLANG_WARN_OBJC_LITERAL_CONVERSION = YES;
				CLANG_WARN_OBJC_ROOT_CLASS = YES_ERROR;
				CLANG_WARN_RANGE_LOOP_ANALYSIS = YES;
				CLANG_WARN_STRICT_PROTOTYPES = YES;
				CLANG_WARN_SUSPICIOUS_MOVE = YES;
				CLANG_WARN_UNGUARDED_AVAILABILITY = YES_AGGRESSIVE;
				CLANG_WARN_UNREACHABLE_CODE = YES;
				CLANG_WARN__DUPLICATE_METHOD_MATCH = YES;
				CODE_SIGN_IDENTITY = "iPhone Developer";
				COPY_PHASE_STRIP = NO;
				DEBUG_INFORMATION_FORMAT = "dwarf-with-dsym";
				ENABLE_NS_ASSERTIONS = NO;
				ENABLE_STRICT_OBJC_MSGSEND = YES;
				GCC_C_LANGUAGE_STANDARD = gnu11;
				GCC_NO_COMMON_BLOCKS = YES;
				GCC_WARN_64_TO_32_BIT_CONVERSION = YES;
				GCC_WARN_ABOUT_RETURN_TYPE = YES_ERROR;
				GCC_WARN_UNDECLARED_SELECTOR = YES;
				GCC_WARN_UNINITIALIZED_AUTOS = YES_AGGRESSIVE;
				GCC_WARN_UNUSED_FUNCTION = YES;
				GCC_WARN_UNUSED_VARIABLE = YES;
				IPHONEOS_DEPLOYMENT_TARGET = 11.2;
				MTL_ENABLE_DEBUG_INFO = NO;
				SDKROOT = iphoneos;
				VALIDATE_PRODUCT = YES;
			};
			name = Release;
		};
		5ECE94E62248DDC90061DEC3 /* Debug */ = {
			isa = XCBuildConfiguration;
			buildSettings = {
				ASSETCATALOG_COMPILER_APPICON_NAME = AppIcon;
				CODE_SIGN_STYLE = Automatic;
				INFOPLIST_FILE = Assignment_5/Info.plist;
				LD_RUNPATH_SEARCH_PATHS = "$(inherited) @executable_path/Frameworks";
				PRODUCT_BUNDLE_IDENTIFIER = "com.yourcompany.Assignment-5";
				PRODUCT_NAME = "$(TARGET_NAME)";
				TARGETED_DEVICE_FAMILY = "1,2";
			};
			name = Debug;
		};
		5ECE94E72248DDC90061DEC3 /* Release */ = {
			isa = XCBuildConfiguration;
			buildSettings = {
				ASSETCATALOG_COMPILER_APPICON_NAME = AppIcon;
				CODE_SIGN_STYLE = Automatic;
				INFOPLIST_FILE = Assignment_5/Info.plist;
				LD_RUNPATH_SEARCH_PATHS = "$(inherited) @executable_path/Frameworks";
				PRODUCT_BUNDLE_IDENTIFIER = "com.yourcompany.Assignment-5";
				PRODUCT_NAME = "$(TARGET_NAME)";
				TARGETED_DEVICE_FAMILY = "1,2";
			};
			name = Release;
		};
/* End XCBuildConfiguration section */

/* Begin XCConfigurationList section */
		5ECE94CA2248DDC80061DEC3 /* Build configuration list for PBXProject "Assignment_5" */ = {
			isa = XCConfigurationList;
			buildConfigurations = (
				5ECE94E32248DDC90061DEC3 /* Debug */,
				5ECE94E42248DDC90061DEC3 /* Release */,
			);
			defaultConfigurationIsVisible = 0;
			defaultConfigurationName = Release;
		};
		5ECE94E52248DDC90061DEC3 /* Build configuration list for PBXNativeTarget "Assignment_5" */ = {
			isa = XCConfigurationList;
			buildConfigurations = (
				5ECE94E62248DDC90061DEC3 /* Debug */,
				5ECE94E72248DDC90061DEC3 /* Release */,
			);
			defaultConfigurationIsVisible = 0;
			defaultConfigurationName = Release;
		};
/* End XCConfigurationList section */
	};
	rootObject = 5ECE94C72248DDC80061DEC3 /* Project object */;
}
